
Microsoft Visual Studio Solution File, Format Version 12.00
# Visual Studio Version 17
VisualStudioVersion = 17.11.35208.52
MinimumVisualStudioVersion = 10.0.40219.1
Project("{FAE04EC0-301F-11D3-BF4B-00C04F79EFBC}") = "TermProject", "TermProject\TermProject.csproj", "{664FDE54-4E69-4151-A732-8D7D50FBA9F9}"
EndProject
Project("{FAE04EC0-301F-11D3-BF4B-00C04F79EFBC}") = "HomeAPI", "TermProjectAPI\HomeAPI.csproj", "{27192149-16F5-4E78-AB5A-7D9481635AA1}"
EndProject
Global
	GlobalSection(SolutionConfigurationPlatforms) = preSolution
		Debug|Any CPU = Debug|Any CPU
		Release|Any CPU = Release|Any CPU
	EndGlobalSection
	GlobalSection(ProjectConfigurationPlatforms) = postSolution
		{664FDE54-4E69-4151-A732-8D7D50FBA9F9}.Debug|Any CPU.ActiveCfg = Debug|Any CPU
		{664FDE54-4E69-4151-A732-8D7D50FBA9F9}.Debug|Any CPU.Build.0 = Debug|Any CPU
		{664FDE54-4E69-4151-A732-8D7D50FBA9F9}.Release|Any CPU.ActiveCfg = Release|Any CPU
		{664FDE54-4E69-4151-A732-8D7D50FBA9F9}.Release|Any CPU.Build.0 = Release|Any CPU
		{27192149-16F5-4E78-AB5A-7D9481635AA1}.Debug|Any CPU.ActiveCfg = Debug|Any CPU
		{27192149-16F5-4E78-AB5A-7D9481635AA1}.Debug|Any CPU.Build.0 = Debug|Any CPU
		{27192149-16F5-4E78-AB5A-7D9481635AA1}.Release|Any CPU.ActiveCfg = Release|Any CPU
		{27192149-16F5-4E78-AB5A-7D9481635AA1}.Release|Any CPU.Build.0 = Release|Any CPU
	EndGlobalSection
	GlobalSection(SolutionProperties) = preSolution
		HideSolutionNode = FALSE
	EndGlobalSection
	GlobalSection(ExtensibilityGlobals) = postSolution
		SolutionGuid = {B7DCD077-D71D-4E3A-95B3-42B2F9D70130}
	EndGlobalSection
EndGlobal
